
Microsoft Visual Studio Solution File, Format Version 12.00
# Visual Studio Version 17
VisualStudioVersion = 17.0.31903.59
MinimumVisualStudioVersion = 10.0.40219.1
Project("{FAE04EC0-301F-11D3-BF4B-00C04F79EFBC}") = "CalculadoraTestes", "CalculadoraTestes\CalculadoraTestes.csproj", "{4DC59D15-09D5-4549-94D2-7694A6D7BEB6}"
EndProject
Project("{FAE04EC0-301F-11D3-BF4B-00C04F79EFBC}") = "Calculadora", "Calculadora\Calculadora.csproj", "{93F80659-1DD0-479F-BC21-F81558756E89}"
EndProject
Global
	GlobalSection(SolutionConfigurationPlatforms) = preSolution
		Debug|Any CPU = Debug|Any CPU
		Release|Any CPU = Release|Any CPU
	EndGlobalSection
	GlobalSection(SolutionProperties) = preSolution
		HideSolutionNode = FALSE
	EndGlobalSection
	GlobalSection(ProjectConfigurationPlatforms) = postSolution
		{4DC59D15-09D5-4549-94D2-7694A6D7BEB6}.Debug|Any CPU.ActiveCfg = Debug|Any CPU
		{4DC59D15-09D5-4549-94D2-7694A6D7BEB6}.Debug|Any CPU.Build.0 = Debug|Any CPU
		{4DC59D15-09D5-4549-94D2-7694A6D7BEB6}.Release|Any CPU.ActiveCfg = Release|Any CPU
		{4DC59D15-09D5-4549-94D2-7694A6D7BEB6}.Release|Any CPU.Build.0 = Release|Any CPU
		{93F80659-1DD0-479F-BC21-F81558756E89}.Debug|Any CPU.ActiveCfg = Debug|Any CPU
		{93F80659-1DD0-479F-BC21-F81558756E89}.Debug|Any CPU.Build.0 = Debug|Any CPU
		{93F80659-1DD0-479F-BC21-F81558756E89}.Release|Any CPU.ActiveCfg = Release|Any CPU
		{93F80659-1DD0-479F-BC21-F81558756E89}.Release|Any CPU.Build.0 = Release|Any CPU
	EndGlobalSection
EndGlobal
